
Microsoft Visual Studio Solution File, Format Version 12.00
# Visual Studio Version 17
VisualStudioVersion = 17.0.32014.148
MinimumVisualStudioVersion = 10.0.40219.1
Project("{FAE04EC0-301F-11D3-BF4B-00C04F79EFBC}") = "RecruitmentTask", "RecruitmentTask\RecruitmentTask.csproj", "{C87F5B00-87F9-4219-BB0A-F49F76D7D72C}"
EndProject
Global
	GlobalSection(SolutionConfigurationPlatforms) = preSolution
		Debug|Any CPU = Debug|Any CPU
		Release|Any CPU = Release|Any CPU
	EndGlobalSection
	GlobalSection(ProjectConfigurationPlatforms) = postSolution
		{C87F5B00-87F9-4219-BB0A-F49F76D7D72C}.Debug|Any CPU.ActiveCfg = Debug|Any CPU
		{C87F5B00-87F9-4219-BB0A-F49F76D7D72C}.Debug|Any CPU.Build.0 = Debug|Any CPU
		{C87F5B00-87F9-4219-BB0A-F49F76D7D72C}.Release|Any CPU.ActiveCfg = Release|Any CPU
		{C87F5B00-87F9-4219-BB0A-F49F76D7D72C}.Release|Any CPU.Build.0 = Release|Any CPU
	EndGlobalSection
	GlobalSection(SolutionProperties) = preSolution
		HideSolutionNode = FALSE
	EndGlobalSection
	GlobalSection(ExtensibilityGlobals) = postSolution
		SolutionGuid = {E7DD2A00-A423-46A5-991E-EA04BAE8DCC6}
	EndGlobalSection
EndGlobal
